<?xml version="1.0" encoding="utf-8"?>
<Project ToolsVersion="4.0" xmlns="http://schemas.microsoft.com/developer/msbuild/2003">
  <ItemGroup>
    <Filter Include="Source Files">
      <UniqueIdentifier>{4FC737F1-C7A5-4376-A066-2A32D752A2FF}</UniqueIdentifier>
      <Extensions>cpp;c;cc;cxx;def;odl;idl;hpj;bat;asm;asmx</Extensions>
    </Filter>
    <Filter Include="Header Files">
      <UniqueIdentifier>{93995380-89BD-4b04-88EB-625FBE52EBFB}</UniqueIdentifier>
      <Extensions>h;hh;hpp;hxx;hm;inl;inc;xsd</Extensions>
    </Filter>
    <Filter Include="Resource Files">
      <UniqueIdentifier>{67DA6AB6-F800-4c08-8B7A-83BB121AAD01}</UniqueIdentifier>
      <Extensions>rc;ico;cur;bmp;dlg;rc2;rct;bin;rgs;gif;jpg;jpeg;jpe;resx;tiff;tif;png;wav;mfcribbon-ms</Extensions>
    </Filter>
    <Filter Include="par">
      <UniqueIdentifier>{a6304735-0a07-4b2d-99b5-67a8fad034fb}</UniqueIdentifier>
    </Filter>
    <Filter Include="engine">
      <UniqueIdentifier>{2c5e84f2-a38f-4ca8-8301-8c8256132642}</UniqueIdentifier>
    </Filter>
    <Filter Include="par\boost">
      <UniqueIdentifier>{74759f8a-9924-4cdb-83d2-8e193eddd9bd}</UniqueIdentifier>
    </Filter>
    <Filter Include="lang">
      <UniqueIdentifier>{381b1293-9e21-45d2-aa76-07e1aa9a3780}</UniqueIdentifier>
    </Filter>
    <Filter Include="compiler">
      <UniqueIdentifier>{6062f48e-12ee-4f84-a5cc-6ac779e09d57}</UniqueIdentifier>
    </Filter>
    <Filter Include="utils">
      <UniqueIdentifier>{5effdd4d-2015-4347-b062-9742fd97c3f6}</UniqueIdentifier>
    </Filter>
    <Filter Include="par\generics">
      <UniqueIdentifier>{a813ba71-950e-4ef9-8c8e-01fc69909c33}</UniqueIdentifier>
    </Filter>
  </ItemGroup>
  <ItemGroup>
    <Text Include="ReadMe.txt" />
  </ItemGroup>
  <ItemGroup>
    <ClInclude Include="stdafx.h">
      <Filter>Header Files</Filter>
    </ClInclude>
    <ClInclude Include="targetver.h">
      <Filter>Header Files</Filter>
    </ClInclude>
    <ClInclude Include="parser.hpp">
      <Filter>par</Filter>
    </ClInclude>
    <ClInclude Include="symbols.hpp">
      <Filter>par</Filter>
    </ClInclude>
    <ClInclude Include="enginetypes.hpp">
      <Filter>engine</Filter>
    </ClInclude>
    <ClInclude Include="scriptengine.h">
      <Filter>engine</Filter>
    </ClInclude>
    <ClInclude Include="module.hpp">
      <Filter>engine</Filter>
    </ClInclude>
    <ClInclude Include="parexception.hpp">
      <Filter>par</Filter>
    </ClInclude>
    <ClInclude Include="attributecasts.hpp">
      <Filter>par\boost</Filter>
    </ClInclude>
    <ClInclude Include="skipper.hpp">
      <Filter>par\boost</Filter>
    </ClInclude>
    <ClInclude Include="semanticparser.hpp">
      <Filter>par</Filter>
    </ClInclude>
    <ClInclude Include="atomics.hpp">
      <Filter>lang</Filter>
    </ClInclude>
    <ClInclude Include="modulelib.hpp">
      <Filter>par</Filter>
    </ClInclude>
    <ClInclude Include="instruction.hpp">
      <Filter>par</Filter>
    </ClInclude>
    <ClInclude Include="compiler2.hpp">
      <Filter>compiler</Filter>
    </ClInclude>
    <ClInclude Include="ast.hpp">
      <Filter>par</Filter>
    </ClInclude>
    <ClInclude Include="stackalloc.hpp">
      <Filter>utils</Filter>
    </ClInclude>
    <ClInclude Include="compiledsymbols.hpp">
      <Filter>compiler</Filter>
    </ClInclude>
    <ClInclude Include="preparser.hpp">
      <Filter>par\boost</Filter>
    </ClInclude>
    <ClInclude Include="optimizer.hpp">
      <Filter>compiler</Filter>
    </ClInclude>
    <ClInclude Include="ptr_stuff.hpp">
      <Filter>utils</Filter>
    </ClInclude>
    <ClInclude Include="array.hpp">
      <Filter>lang</Filter>
    </ClInclude>
    <ClInclude Include="iterator.hpp">
      <Filter>par\boost</Filter>
    </ClInclude>
    <ClInclude Include="logger.hpp">
      <Filter>utils</Filter>
    </ClInclude>
    <ClInclude Include="complexalloc.hpp">
      <Filter>utils</Filter>
    </ClInclude>
    <ClInclude Include="generics.hpp">
      <Filter>par\generics</Filter>
    </ClInclude>
    <ClInclude Include="mathlib.hpp">
      <Filter>lang</Filter>
    </ClInclude>
    <ClInclude Include="defmacros.hpp">
      <Filter>lang</Filter>
    </ClInclude>
    <ClInclude Include="parpredecs.hpp">
      <Filter>par</Filter>
    </ClInclude>
    <ClInclude Include="boostparser.hpp">
      <Filter>par\boost</Filter>
    </ClInclude>
  </ItemGroup>
  <ItemGroup>
    <ClCompile Include="stdafx.cpp">
      <Filter>Source Files</Filter>
    </ClCompile>
    <ClCompile Include="main.cpp">
      <Filter>Source Files</Filter>
    </ClCompile>
    <ClCompile Include="parser.cpp">
      <Filter>par</Filter>
    </ClCompile>
    <ClCompile Include="module.cpp">
      <Filter>engine</Filter>
    </ClCompile>
    <ClCompile Include="semanticparser.cpp">
      <Filter>par</Filter>
    </ClCompile>
    <ClCompile Include="atomics.cpp">
      <Filter>lang</Filter>
    </ClCompile>
    <ClCompile Include="modulelib.cpp">
      <Filter>par</Filter>
    </ClCompile>
    <ClCompile Include="scriptengine.cpp">
      <Filter>engine</Filter>
    </ClCompile>
    <ClCompile Include="compiler2.cpp">
      <Filter>compiler</Filter>
    </ClCompile>
    <ClCompile Include="symbols.cpp">
      <Filter>par</Filter>
    </ClCompile>
    <ClCompile Include="optimizer.cpp">
      <Filter>compiler</Filter>
    </ClCompile>
    <ClCompile Include="array.cpp">
      <Filter>lang</Filter>
    </ClCompile>
    <ClCompile Include="generics.cpp">
      <Filter>par\generics</Filter>
    </ClCompile>
    <ClCompile Include="mathlib.cpp">
      <Filter>lang</Filter>
    </ClCompile>
  </ItemGroup>
</Project>